
Microsoft Visual Studio Solution File, Format Version 12.00
# Visual Studio Version 17
VisualStudioVersion = 17.14.36429.23
MinimumVisualStudioVersion = 10.0.40219.1
Project("{2150E333-8FDC-42A3-9474-1A3956D46DE8}") = "Task0", "Task0", "{02EA681E-C7D8-13C7-8484-4AC65E1B71E8}"
EndProject
Project("{FAE04EC0-301F-11D3-BF4B-00C04F79EFBC}") = "Tyuiu.RadochinaAP.Sprint0.V0", "Tyuiu.RadochinaAP.Sprint0.V0\Tyuiu.RadochinaAP.Sprint0.V0.csproj", "{C0BD6DB2-D9CB-439F-92C3-C9DB379DA428}"
EndProject
Project("{2150E333-8FDC-42A3-9474-1A3956D46DE8}") = "Task1", "Task1", "{F14B6310-FB36-42CE-9611-EFEAE92B942B}"
EndProject
Project("{FAE04EC0-301F-11D3-BF4B-00C04F79EFBC}") = "Tyuiu.RadochinaAP.Sprint0.Task1.V0", "Tyuiu.RadochinaAP.Sprint0.Task1.V0\Tyuiu.RadochinaAP.Sprint0.Task1.V0.csproj", "{5D36616F-F862-4DE1-AC38-F9465A2D6CCC}"
EndProject
Project("{2150E333-8FDC-42A3-9474-1A3956D46DE8}") = "Task2", "Task2", "{9615C502-B1BF-4A06-A184-661EE6942F5C}"
EndProject
Project("{FAE04EC0-301F-11D3-BF4B-00C04F79EFBC}") = "Tyuiu.RadochinaAP.Task2.V0", "Tyuiu.RadochinaAP.Task2.V0\Tyuiu.RadochinaAP.Task2.V0.csproj", "{82DC7A06-E7B8-4C87-8F73-FC78A3336843}"
EndProject
Project("{FAE04EC0-301F-11D3-BF4B-00C04F79EFBC}") = "Tyuiu.RadochinaAP.Sprint0.Task2.V0.Lib", "Tyuiu.RadochinaAP.Sprint0.Task2.V0.Lib\Tyuiu.RadochinaAP.Sprint0.Task2.V0.Lib.csproj", "{9C25FC74-3CEB-4C20-8DC6-A1A90A5062D2}"
EndProject
Project("{FAE04EC0-301F-11D3-BF4B-00C04F79EFBC}") = "Tyuiu.RadochinaAP.Sprint0.Task2.V0.Test", "Tyuiu.RadochinaAP.Sprint0.Task2.V0.Test\Tyuiu.RadochinaAP.Sprint0.Task2.V0.Test.csproj", "{C746B7F5-6BAC-44AA-81FC-3BEE38298A6F}"
EndProject
Global
	GlobalSection(SolutionConfigurationPlatforms) = preSolution
		Debug|Any CPU = Debug|Any CPU
		Release|Any CPU = Release|Any CPU
	EndGlobalSection
	GlobalSection(ProjectConfigurationPlatforms) = postSolution
		{C0BD6DB2-D9CB-439F-92C3-C9DB379DA428}.Debug|Any CPU.ActiveCfg = Debug|Any CPU
		{C0BD6DB2-D9CB-439F-92C3-C9DB379DA428}.Debug|Any CPU.Build.0 = Debug|Any CPU
		{C0BD6DB2-D9CB-439F-92C3-C9DB379DA428}.Release|Any CPU.ActiveCfg = Release|Any CPU
		{C0BD6DB2-D9CB-439F-92C3-C9DB379DA428}.Release|Any CPU.Build.0 = Release|Any CPU
		{5D36616F-F862-4DE1-AC38-F9465A2D6CCC}.Debug|Any CPU.ActiveCfg = Debug|Any CPU
		{5D36616F-F862-4DE1-AC38-F9465A2D6CCC}.Debug|Any CPU.Build.0 = Debug|Any CPU
		{5D36616F-F862-4DE1-AC38-F9465A2D6CCC}.Release|Any CPU.ActiveCfg = Release|Any CPU
		{5D36616F-F862-4DE1-AC38-F9465A2D6CCC}.Release|Any CPU.Build.0 = Release|Any CPU
		{82DC7A06-E7B8-4C87-8F73-FC78A3336843}.Debug|Any CPU.ActiveCfg = Debug|Any CPU
		{82DC7A06-E7B8-4C87-8F73-FC78A3336843}.Debug|Any CPU.Build.0 = Debug|Any CPU
		{82DC7A06-E7B8-4C87-8F73-FC78A3336843}.Release|Any CPU.ActiveCfg = Release|Any CPU
		{82DC7A06-E7B8-4C87-8F73-FC78A3336843}.Release|Any CPU.Build.0 = Release|Any CPU
		{9C25FC74-3CEB-4C20-8DC6-A1A90A5062D2}.Debug|Any CPU.ActiveCfg = Debug|Any CPU
		{9C25FC74-3CEB-4C20-8DC6-A1A90A5062D2}.Debug|Any CPU.Build.0 = Debug|Any CPU
		{9C25FC74-3CEB-4C20-8DC6-A1A90A5062D2}.Release|Any CPU.ActiveCfg = Release|Any CPU
		{9C25FC74-3CEB-4C20-8DC6-A1A90A5062D2}.Release|Any CPU.Build.0 = Release|Any CPU
		{C746B7F5-6BAC-44AA-81FC-3BEE38298A6F}.Debug|Any CPU.ActiveCfg = Debug|Any CPU
		{C746B7F5-6BAC-44AA-81FC-3BEE38298A6F}.Debug|Any CPU.Build.0 = Debug|Any CPU
		{C746B7F5-6BAC-44AA-81FC-3BEE38298A6F}.Release|Any CPU.ActiveCfg = Release|Any CPU
		{C746B7F5-6BAC-44AA-81FC-3BEE38298A6F}.Release|Any CPU.Build.0 = Release|Any CPU
	EndGlobalSection
	GlobalSection(SolutionProperties) = preSolution
		HideSolutionNode = FALSE
	EndGlobalSection
	GlobalSection(NestedProjects) = preSolution
		{C0BD6DB2-D9CB-439F-92C3-C9DB379DA428} = {02EA681E-C7D8-13C7-8484-4AC65E1B71E8}
		{5D36616F-F862-4DE1-AC38-F9465A2D6CCC} = {F14B6310-FB36-42CE-9611-EFEAE92B942B}
		{82DC7A06-E7B8-4C87-8F73-FC78A3336843} = {9615C502-B1BF-4A06-A184-661EE6942F5C}
		{9C25FC74-3CEB-4C20-8DC6-A1A90A5062D2} = {9615C502-B1BF-4A06-A184-661EE6942F5C}
		{C746B7F5-6BAC-44AA-81FC-3BEE38298A6F} = {9615C502-B1BF-4A06-A184-661EE6942F5C}
	EndGlobalSection
	GlobalSection(ExtensibilityGlobals) = postSolution
		SolutionGuid = {4147511E-2BF5-4E45-B701-10B00457D29C}
	EndGlobalSection
EndGlobal
